
Microsoft Visual Studio Solution File, Format Version 12.00
# Visual Studio Version 16
VisualStudioVersion = 16.0.30804.86
MinimumVisualStudioVersion = 10.0.40219.1
Project("{9A19103F-16F7-4668-BE54-9A1E7A4F7556}") = "ClassView", "ClassView\ClassView.csproj", "{8CF27B7B-6C4F-4030-9B3B-1A41ED885AAF}"
EndProject
Project("{9A19103F-16F7-4668-BE54-9A1E7A4F7556}") = "CBL", "CBL\CBL.csproj", "{BB2F718D-84B7-44E6-A42F-FC8B8FF60A77}"
EndProject
Project("{FAE04EC0-301F-11D3-BF4B-00C04F79EFBC}") = "CBLTests", "CBLTests\CBLTests.csproj", "{76B751F8-C9E6-4D93-B24B-4265009C82CC}"
EndProject
Global
	GlobalSection(SolutionConfigurationPlatforms) = preSolution
		Debug|Any CPU = Debug|Any CPU
		Release|Any CPU = Release|Any CPU
	EndGlobalSection
	GlobalSection(ProjectConfigurationPlatforms) = postSolution
		{8CF27B7B-6C4F-4030-9B3B-1A41ED885AAF}.Debug|Any CPU.ActiveCfg = Debug|Any CPU
		{8CF27B7B-6C4F-4030-9B3B-1A41ED885AAF}.Debug|Any CPU.Build.0 = Debug|Any CPU
		{8CF27B7B-6C4F-4030-9B3B-1A41ED885AAF}.Release|Any CPU.ActiveCfg = Release|Any CPU
		{8CF27B7B-6C4F-4030-9B3B-1A41ED885AAF}.Release|Any CPU.Build.0 = Release|Any CPU
		{BB2F718D-84B7-44E6-A42F-FC8B8FF60A77}.Debug|Any CPU.ActiveCfg = Debug|Any CPU
		{BB2F718D-84B7-44E6-A42F-FC8B8FF60A77}.Debug|Any CPU.Build.0 = Debug|Any CPU
		{BB2F718D-84B7-44E6-A42F-FC8B8FF60A77}.Release|Any CPU.ActiveCfg = Release|Any CPU
		{BB2F718D-84B7-44E6-A42F-FC8B8FF60A77}.Release|Any CPU.Build.0 = Release|Any CPU
		{76B751F8-C9E6-4D93-B24B-4265009C82CC}.Debug|Any CPU.ActiveCfg = Debug|Any CPU
		{76B751F8-C9E6-4D93-B24B-4265009C82CC}.Debug|Any CPU.Build.0 = Debug|Any CPU
		{76B751F8-C9E6-4D93-B24B-4265009C82CC}.Release|Any CPU.ActiveCfg = Release|Any CPU
		{76B751F8-C9E6-4D93-B24B-4265009C82CC}.Release|Any CPU.Build.0 = Release|Any CPU
	EndGlobalSection
	GlobalSection(SolutionProperties) = preSolution
		HideSolutionNode = FALSE
	EndGlobalSection
	GlobalSection(ExtensibilityGlobals) = postSolution
		SolutionGuid = {5D367690-1DBD-4C56-9743-03DFBF26E27E}
	EndGlobalSection
EndGlobal
